
using System;
using System.Collections.Generic;

public class Produto
{
    public string Nome { get; set; }
    public int VendaMedia { get; set; }
    public decimal PrecoAtual { get; set; }

    public decimal CalcularNovoPreco()
    {
        if (VendaMedia < 500 && PrecoAtual < 30)
        {
            return Math.Round(PrecoAtual * 1.10m, 2); // Aumento de 10%
        }
        else if (VendaMedia >= 500 && PrecoAtual >= 30)
        {
            return Math.Round(PrecoAtual * 0.80m, 2); // Redução de 20%
        }
        else
        {
            return PrecoAtual; // Sem alteração
        }
    }
}

class Program
{
    static void Main()
    {
        List<Produto> produtos = new List<Produto>
        {
            new Produto { Nome = "Produto A", VendaMedia = 400, PrecoAtual = 25m },
            new Produto { Nome = "Produto B", VendaMedia = 600, PrecoAtual = 35m },
            new Produto { Nome = "Produto C", VendaMedia = 300, PrecoAtual = 40m }
        };

        Console.WriteLine("Lista de Produtos após Reajuste:");
        foreach (var produto in produtos)
        {
            decimal novoPreco = produto.CalcularNovoPreco();
            Console.WriteLine($"{produto.Nome}: de R$ {produto.PrecoAtual:F2} para R$ {novoPreco:F2}");
        }
    }
}
